
Microsoft Visual Studio Solution File, Format Version 12.00
# Visual Studio Version 17
VisualStudioVersion = 17.14.36310.24 d17.14
MinimumVisualStudioVersion = 10.0.40219.1
Project("{FAE04EC0-301F-11D3-BF4B-00C04F79EFBC}") = "ecommerceAPI", "ecommerceAPI.csproj", "{C249508C-E3E3-4331-9A69-5B3EFF670811}"
EndProject
Global
	GlobalSection(SolutionConfigurationPlatforms) = preSolution
		Debug|Any CPU = Debug|Any CPU
		Release|Any CPU = Release|Any CPU
	EndGlobalSection
	GlobalSection(ProjectConfigurationPlatforms) = postSolution
		{C249508C-E3E3-4331-9A69-5B3EFF670811}.Debug|Any CPU.ActiveCfg = Debug|Any CPU
		{C249508C-E3E3-4331-9A69-5B3EFF670811}.Debug|Any CPU.Build.0 = Debug|Any CPU
		{C249508C-E3E3-4331-9A69-5B3EFF670811}.Release|Any CPU.ActiveCfg = Release|Any CPU
		{C249508C-E3E3-4331-9A69-5B3EFF670811}.Release|Any CPU.Build.0 = Release|Any CPU
	EndGlobalSection
	GlobalSection(SolutionProperties) = preSolution
		HideSolutionNode = FALSE
	EndGlobalSection
	GlobalSection(ExtensibilityGlobals) = postSolution
		SolutionGuid = {CB41B8EE-D8CA-4573-AD77-B6580A8CA9EE}
	EndGlobalSection
EndGlobal
